// !$*UTF8*$!
{
	archiveVersion = 1;
	classes = {
	};
	objectVersion = 46;
	objects = {

/* Begin PBXGroup section */
		5DA569BD19FC2FA900BD8FAC = {
			isa = PBXGroup;
			children = (
			);
			sourceTree = "<group>";
		};
/* End PBXGroup section */

/* Begin PBXProject section */
		5DA569BE19FC2FA900BD8FAC /* Project object */ = {
			isa = PBXProject;
			attributes = {
				LastUpgradeCheck = 0610;
			};
			buildConfigurationList = 5DA569C119FC2FA900BD8FAC /* Build configuration list for PBXProject "POC2" */;
			compatibilityVersion = "Xcode 3.2";
			developmentRegion = English;
			hasScannedForEncodings = 0;
			knownRegions = (
				en,
			);
			mainGroup = 5DA569BD19FC2FA900BD8FAC;
			projectDirPath = "";
			projectRoot = "";
			targets = (
			);
		};
/* End PBXProject section */

/* Begin XCBuildConfiguration section */
		5DA569C219FC2FA900BD8FAC /* Debug */ = {
			isa = XCBuildConfiguration;
			buildSettings = {
			};
			name = Debug;
		};
		5DA569C319FC2FA900BD8FAC /* Release */ = {
			isa = XCBuildConfiguration;
			buildSettings = {
			};
			name = Release;
		};
/* End XCBuildConfiguration section */

/* Begin XCConfigurationList section */
		5DA569C119FC2FA900BD8FAC /* Build configuration list for PBXProject "POC2" */ = {
			isa = XCConfigurationList;
			buildConfigurations = (
				5DA569C219FC2FA900BD8FAC /* Debug */,
				5DA569C319FC2FA900BD8FAC /* Release */,
			);
			defaultConfigurationIsVisible = 0;
			defaultConfigurationName = Release;
		};
/* End XCConfigurationList section */
	};
	rootObject = 5DA569BE19FC2FA900BD8FAC /* Project object */;
}
